// !$*UTF8*$!
{
	archiveVersion = 1;
	classes = {};
	objectVersion = 77;
	objects = {

		A10000000000000000000001 /* AppRoute.swift in Sources */ = {isa = PBXBuildFile; fileRef = A20000000000000000000001 /* AppRoute.swift */; };
		A10000000000000000000002 /* AppViewModel.swift in Sources */ = {isa = PBXBuildFile; fileRef = A20000000000000000000002 /* AppViewModel.swift */; };
		A10000000000000000000003 /* RootView.swift in Sources */ = {isa = PBXBuildFile; fileRef = A20000000000000000000003 /* RootView.swift */; };
		A10000000000000000000004 /* PlaceholderViews.swift in Sources */ = {isa = PBXBuildFile; fileRef = A20000000000000000000004 /* PlaceholderViews.swift */; };
		A10000000000000000000005 /* YoiSceneKirinuKuApp.swift in Sources */ = {isa = PBXBuildFile; fileRef = A20000000000000000000005 /* YoiSceneKirinuKuApp.swift */; };
		A10000000000000000000006 /* AppViewModelTests.swift in Sources */ = {isa = PBXBuildFile; fileRef = A20000000000000000000006 /* AppViewModelTests.swift */; };
		A10000000000000000000007 /* XCTest.framework in Frameworks */ = {isa = PBXBuildFile; fileRef = A20000000000000000000009 /* XCTest.framework */; };
		A10000000000000000000008 /* Preflight.swift in Sources */ = {isa = PBXBuildFile; fileRef = A2000000000000000000000A /* Preflight.swift */; };
		A10000000000000000000009 /* preflight.py in Resources */ = {isa = PBXBuildFile; fileRef = A2000000000000000000000B /* preflight.py */; };
		A1000000000000000000000A /* CharacterRegistration.swift in Sources */ = {isa = PBXBuildFile; fileRef = A2000000000000000000000D /* CharacterRegistration.swift */; };
		A1000000000000000000000B /* character_registration.py in Resources */ = {isa = PBXBuildFile; fileRef = A2000000000000000000000E /* character_registration.py */; };
		A1000000000000000000000C /* JobManagement.swift in Sources */ = {isa = PBXBuildFile; fileRef = A2000000000000000000000F /* JobManagement.swift */; };
		A1000000000000000000000D /* analysis_job_runner.py in Resources */ = {isa = PBXBuildFile; fileRef = A20000000000000000000010 /* analysis_job_runner.py */; };
		A1000000000000000000000E /* JobManagementTests.swift in Sources */ = {isa = PBXBuildFile; fileRef = A20000000000000000000011 /* JobManagementTests.swift */; };
		A1000000000000000000000F /* AnalysisAudio.swift in Sources */ = {isa = PBXBuildFile; fileRef = A20000000000000000000012 /* AnalysisAudio.swift */; };
		A10000000000000000000010 /* analysis_audio.py in Resources */ = {isa = PBXBuildFile; fileRef = A20000000000000000000013 /* analysis_audio.py */; };
		A10000000000000000000011 /* AnalysisAudioTests.swift in Sources */ = {isa = PBXBuildFile; fileRef = A20000000000000000000014 /* AnalysisAudioTests.swift */; };
		A10000000000000000000012 /* VAD.swift in Sources */ = {isa = PBXBuildFile; fileRef = A20000000000000000000015 /* VAD.swift */; };
		A10000000000000000000013 /* vad.py in Resources */ = {isa = PBXBuildFile; fileRef = A20000000000000000000016 /* vad.py */; };
		A10000000000000000000014 /* VADTests.swift in Sources */ = {isa = PBXBuildFile; fileRef = A20000000000000000000017 /* VADTests.swift */; };
		A10000000000000000000015 /* CandidateGeneration.swift in Sources */ = {isa = PBXBuildFile; fileRef = A20000000000000000000018 /* CandidateGeneration.swift */; };
		A10000000000000000000016 /* candidate_generation.py in Resources */ = {isa = PBXBuildFile; fileRef = A20000000000000000000019 /* candidate_generation.py */; };
		A10000000000000000000017 /* CandidateGenerationTests.swift in Sources */ = {isa = PBXBuildFile; fileRef = A2000000000000000000001A /* CandidateGenerationTests.swift */; };

		A30000000000000000000001 /* Products */ = {isa = PBXGroup; children = (A20000000000000000000007 /* YoiSceneKirinuKu.app */, A20000000000000000000008 /* YoiSceneKirinuKuTests.xctest */); name = Products; sourceTree = "<group>"; };
		A30000000000000000000002 /* YoiSceneKirinuKu */ = {isa = PBXGroup; children = (A20000000000000000000005, A2000000000000000000000C, A20000000000000000000001, A20000000000000000000002, A2000000000000000000000F, A20000000000000000000012, A20000000000000000000015, A20000000000000000000018, A2000000000000000000000A, A2000000000000000000000B, A2000000000000000000000D, A2000000000000000000000E, A20000000000000000000010, A20000000000000000000013, A20000000000000000000016, A20000000000000000000019, A20000000000000000000003, A20000000000000000000004); path = YoiSceneKirinuKu; sourceTree = "<group>"; };
		A30000000000000000000003 /* YoiSceneKirinuKuTests */ = {isa = PBXGroup; children = (A20000000000000000000006, A20000000000000000000011, A20000000000000000000014, A20000000000000000000017, A2000000000000000000001A); path = YoiSceneKirinuKuTests; sourceTree = "<group>"; };
		A30000000000000000000004 = {isa = PBXGroup; children = (A30000000000000000000002, A30000000000000000000003, A30000000000000000000001); sourceTree = "<group>"; };

		A20000000000000000000001 = {isa = PBXFileReference; lastKnownFileType = sourcecode.swift; path = AppRoute.swift; sourceTree = "<group>"; };
		A20000000000000000000002 = {isa = PBXFileReference; lastKnownFileType = sourcecode.swift; path = AppViewModel.swift; sourceTree = "<group>"; };
		A20000000000000000000003 = {isa = PBXFileReference; lastKnownFileType = sourcecode.swift; path = RootView.swift; sourceTree = "<group>"; };
		A20000000000000000000004 = {isa = PBXFileReference; lastKnownFileType = sourcecode.swift; path = PlaceholderViews.swift; sourceTree = "<group>"; };
		A20000000000000000000005 = {isa = PBXFileReference; lastKnownFileType = sourcecode.swift; path = YoiSceneKirinuKuApp.swift; sourceTree = "<group>"; };
		A20000000000000000000006 = {isa = PBXFileReference; lastKnownFileType = sourcecode.swift; path = AppViewModelTests.swift; sourceTree = "<group>"; };
		A20000000000000000000007 = {isa = PBXFileReference; explicitFileType = wrapper.application; includeInIndex = 0; path = YoiSceneKirinuKu.app; sourceTree = BUILT_PRODUCTS_DIR; };
		A20000000000000000000008 = {isa = PBXFileReference; explicitFileType = wrapper.cfbundle; includeInIndex = 0; path = YoiSceneKirinuKuTests.xctest; sourceTree = BUILT_PRODUCTS_DIR; };
		A20000000000000000000009 = {isa = PBXFileReference; lastKnownFileType = wrapper.framework; name = XCTest.framework; path = System/Library/Frameworks/XCTest.framework; sourceTree = SDKROOT; };
		A2000000000000000000000A = {isa = PBXFileReference; lastKnownFileType = sourcecode.swift; path = Preflight.swift; sourceTree = "<group>"; };
		A2000000000000000000000B = {isa = PBXFileReference; lastKnownFileType = text.script.python; path = preflight.py; sourceTree = "<group>"; };
		A2000000000000000000000C = {isa = PBXFileReference; lastKnownFileType = text.plist.xml; path = Info.plist; sourceTree = "<group>"; };
		A2000000000000000000000D = {isa = PBXFileReference; lastKnownFileType = sourcecode.swift; path = CharacterRegistration.swift; sourceTree = "<group>"; };
		A2000000000000000000000E = {isa = PBXFileReference; lastKnownFileType = text.script.python; path = character_registration.py; sourceTree = "<group>"; };
		A2000000000000000000000F = {isa = PBXFileReference; lastKnownFileType = sourcecode.swift; path = JobManagement.swift; sourceTree = "<group>"; };
		A20000000000000000000010 = {isa = PBXFileReference; lastKnownFileType = text.script.python; path = analysis_job_runner.py; sourceTree = "<group>"; };
		A20000000000000000000011 = {isa = PBXFileReference; lastKnownFileType = sourcecode.swift; path = JobManagementTests.swift; sourceTree = "<group>"; };
		A20000000000000000000012 = {isa = PBXFileReference; lastKnownFileType = sourcecode.swift; path = AnalysisAudio.swift; sourceTree = "<group>"; };
		A20000000000000000000013 = {isa = PBXFileReference; lastKnownFileType = text.script.python; path = analysis_audio.py; sourceTree = "<group>"; };
		A20000000000000000000014 = {isa = PBXFileReference; lastKnownFileType = sourcecode.swift; path = AnalysisAudioTests.swift; sourceTree = "<group>"; };
		A20000000000000000000015 = {isa = PBXFileReference; lastKnownFileType = sourcecode.swift; path = VAD.swift; sourceTree = "<group>"; };
		A20000000000000000000016 = {isa = PBXFileReference; lastKnownFileType = text.script.python; path = vad.py; sourceTree = "<group>"; };
		A20000000000000000000017 = {isa = PBXFileReference; lastKnownFileType = sourcecode.swift; path = VADTests.swift; sourceTree = "<group>"; };
		A20000000000000000000018 = {isa = PBXFileReference; lastKnownFileType = sourcecode.swift; path = CandidateGeneration.swift; sourceTree = "<group>"; };
		A20000000000000000000019 = {isa = PBXFileReference; lastKnownFileType = text.script.python; path = candidate_generation.py; sourceTree = "<group>"; };
		A2000000000000000000001A = {isa = PBXFileReference; lastKnownFileType = sourcecode.swift; path = CandidateGenerationTests.swift; sourceTree = "<group>"; };

		A40000000000000000000001 = {isa = PBXSourcesBuildPhase; buildActionMask = 2147483647; files = (A10000000000000000000001, A10000000000000000000002, A10000000000000000000008, A1000000000000000000000A, A1000000000000000000000C, A1000000000000000000000F, A10000000000000000000012, A10000000000000000000015, A10000000000000000000003, A10000000000000000000004, A10000000000000000000005); runOnlyForDeploymentPostprocessing = 0; };
		A40000000000000000000002 = {isa = PBXFrameworksBuildPhase; buildActionMask = 2147483647; files = (); runOnlyForDeploymentPostprocessing = 0; };
		A40000000000000000000003 = {isa = PBXResourcesBuildPhase; buildActionMask = 2147483647; files = (A10000000000000000000009, A1000000000000000000000B, A1000000000000000000000D, A10000000000000000000010, A10000000000000000000013, A10000000000000000000016); runOnlyForDeploymentPostprocessing = 0; };
		A40000000000000000000004 = {isa = PBXSourcesBuildPhase; buildActionMask = 2147483647; files = (A10000000000000000000006, A1000000000000000000000E, A10000000000000000000011, A10000000000000000000014, A10000000000000000000017); runOnlyForDeploymentPostprocessing = 0; };
		A40000000000000000000005 = {isa = PBXFrameworksBuildPhase; buildActionMask = 2147483647; files = (A10000000000000000000007); runOnlyForDeploymentPostprocessing = 0; };
		A40000000000000000000006 = {isa = PBXResourcesBuildPhase; buildActionMask = 2147483647; files = (); runOnlyForDeploymentPostprocessing = 0; };

		A50000000000000000000001 /* YoiSceneKirinuKu */ = {isa = PBXNativeTarget; buildConfigurationList = A70000000000000000000002; buildPhases = (A40000000000000000000001, A40000000000000000000002, A40000000000000000000003); buildRules = (); dependencies = (); name = YoiSceneKirinuKu; productName = YoiSceneKirinuKu; productReference = A20000000000000000000007; productType = "com.apple.product-type.application"; };
		A50000000000000000000002 /* YoiSceneKirinuKuTests */ = {isa = PBXNativeTarget; buildConfigurationList = A70000000000000000000003; buildPhases = (A40000000000000000000004, A40000000000000000000005, A40000000000000000000006); buildRules = (); dependencies = (A80000000000000000000001); name = YoiSceneKirinuKuTests; productName = YoiSceneKirinuKuTests; productReference = A20000000000000000000008; productType = "com.apple.product-type.bundle.unit-test"; };

		A80000000000000000000001 = {isa = PBXTargetDependency; target = A50000000000000000000001; targetProxy = A90000000000000000000001; };
		A90000000000000000000001 = {isa = PBXContainerItemProxy; containerPortal = A60000000000000000000001; proxyType = 1; remoteGlobalIDString = A50000000000000000000001; remoteInfo = YoiSceneKirinuKu; };

		A60000000000000000000001 /* Project object */ = {isa = PBXProject; attributes = {BuildIndependentTargetsInParallel = 1; LastSwiftUpdateCheck = 2660; LastUpgradeCheck = 2660; TargetAttributes = {A50000000000000000000001 = {CreatedOnToolsVersion = 26.6; }; A50000000000000000000002 = {CreatedOnToolsVersion = 26.6; TestTargetID = A50000000000000000000001; }; }; }; buildConfigurationList = A70000000000000000000001; compatibilityVersion = "Xcode 16.0"; developmentRegion = en; hasScannedForEncodings = 0; knownRegions = (en, Base); mainGroup = A30000000000000000000004; productRefGroup = A30000000000000000000001; projectDirPath = ""; projectRoot = ""; targets = (A50000000000000000000001, A50000000000000000000002); };

		AA0000000000000000000001 = {isa = XCBuildConfiguration; buildSettings = {CLANG_ENABLE_MODULES = YES; SDKROOT = macosx; SWIFT_VERSION = 6.0; }; name = Debug; };
		AA0000000000000000000002 = {isa = XCBuildConfiguration; buildSettings = {CLANG_ENABLE_MODULES = YES; SDKROOT = macosx; SWIFT_VERSION = 6.0; }; name = Release; };
		AA0000000000000000000003 = {isa = XCBuildConfiguration; buildSettings = {ANALYSIS_AUDIO_FFMPEG_EXECUTABLE = /opt/homebrew/bin/ffmpeg; ANALYSIS_AUDIO_FFPROBE_EXECUTABLE = /opt/homebrew/bin/ffprobe; ANALYSIS_AUDIO_PYTHON_EXECUTABLE = /Library/Frameworks/Python.framework/Versions/3.13/bin/python3; ANALYSIS_JOB_PYTHON_EXECUTABLE = /Library/Frameworks/Python.framework/Versions/3.13/bin/python3; CANDIDATE_GENERATION_PYTHON_EXECUTABLE = /Library/Frameworks/Python.framework/Versions/3.13/bin/python3; CHARACTER_REGISTRATION_FFMPEG_EXECUTABLE = /opt/homebrew/bin/ffmpeg; CHARACTER_REGISTRATION_MODEL_DIRECTORY = "$(SRCROOT)/experiments/speaker-embedding/artifacts/model-local"; CHARACTER_REGISTRATION_PYTHON_EXECUTABLE = "$(SRCROOT)/experiments/speaker-embedding/.venv/bin/python"; CODE_SIGN_STYLE = Automatic; COMBINE_HIDPI_IMAGES = YES; CURRENT_PROJECT_VERSION = 1; ENABLE_TESTABILITY = YES; GENERATE_INFOPLIST_FILE = NO; INFOPLIST_FILE = YoiSceneKirinuKu/Info.plist; MARKETING_VERSION = 1.0; PREFLIGHT_FFPROBE_EXECUTABLE = /opt/homebrew/bin/ffprobe; PREFLIGHT_PYTHON_EXECUTABLE = /Library/Frameworks/Python.framework/Versions/3.13/bin/python3; PRODUCT_BUNDLE_IDENTIFIER = local.YoiSceneKirinuKu; PRODUCT_NAME = "$(TARGET_NAME)"; SWIFT_EMIT_LOC_STRINGS = YES; SWIFT_OPTIMIZATION_LEVEL = "-Onone"; VAD_PYTHON_EXECUTABLE = /Library/Frameworks/Python.framework/Versions/3.13/bin/python3; }; name = Debug; };
		AA0000000000000000000004 = {isa = XCBuildConfiguration; buildSettings = {ANALYSIS_AUDIO_FFMPEG_EXECUTABLE = ""; ANALYSIS_AUDIO_FFPROBE_EXECUTABLE = ""; ANALYSIS_AUDIO_PYTHON_EXECUTABLE = ""; ANALYSIS_JOB_PYTHON_EXECUTABLE = ""; CANDIDATE_GENERATION_PYTHON_EXECUTABLE = ""; CHARACTER_REGISTRATION_FFMPEG_EXECUTABLE = ""; CHARACTER_REGISTRATION_MODEL_DIRECTORY = ""; CHARACTER_REGISTRATION_PYTHON_EXECUTABLE = ""; CODE_SIGN_STYLE = Automatic; COMBINE_HIDPI_IMAGES = YES; CURRENT_PROJECT_VERSION = 1; GENERATE_INFOPLIST_FILE = NO; INFOPLIST_FILE = YoiSceneKirinuKu/Info.plist; MARKETING_VERSION = 1.0; PREFLIGHT_FFPROBE_EXECUTABLE = ""; PREFLIGHT_PYTHON_EXECUTABLE = ""; PRODUCT_BUNDLE_IDENTIFIER = local.YoiSceneKirinuKu; PRODUCT_NAME = "$(TARGET_NAME)"; SWIFT_EMIT_LOC_STRINGS = YES; VAD_PYTHON_EXECUTABLE = ""; }; name = Release; };
		AA0000000000000000000005 = {isa = XCBuildConfiguration; buildSettings = {BUNDLE_LOADER = "$(TEST_HOST)"; CODE_SIGN_STYLE = Automatic; GENERATE_INFOPLIST_FILE = YES; PRODUCT_BUNDLE_IDENTIFIER = local.YoiSceneKirinuKuTests; PRODUCT_NAME = "$(TARGET_NAME)"; SWIFT_VERSION = 6.0; TEST_HOST = "$(BUILT_PRODUCTS_DIR)/YoiSceneKirinuKu.app/Contents/MacOS/YoiSceneKirinuKu"; }; name = Debug; };
		AA0000000000000000000006 = {isa = XCBuildConfiguration; buildSettings = {BUNDLE_LOADER = "$(TEST_HOST)"; CODE_SIGN_STYLE = Automatic; GENERATE_INFOPLIST_FILE = YES; PRODUCT_BUNDLE_IDENTIFIER = local.YoiSceneKirinuKuTests; PRODUCT_NAME = "$(TARGET_NAME)"; SWIFT_VERSION = 6.0; TEST_HOST = "$(BUILT_PRODUCTS_DIR)/YoiSceneKirinuKu.app/Contents/MacOS/YoiSceneKirinuKu"; }; name = Release; };

		A70000000000000000000001 = {isa = XCConfigurationList; buildConfigurations = (AA0000000000000000000001, AA0000000000000000000002); defaultConfigurationIsVisible = 0; defaultConfigurationName = Release; };
		A70000000000000000000002 = {isa = XCConfigurationList; buildConfigurations = (AA0000000000000000000003, AA0000000000000000000004); defaultConfigurationIsVisible = 0; defaultConfigurationName = Release; };
		A70000000000000000000003 = {isa = XCConfigurationList; buildConfigurations = (AA0000000000000000000005, AA0000000000000000000006); defaultConfigurationIsVisible = 0; defaultConfigurationName = Release; };
	};
	rootObject = A60000000000000000000001;
}
