// !$*UTF8*$!
{
	archiveVersion = 1;
	classes = {};
	objectVersion = 77;
	objects = {

		A10000000000000000000001 /* AppRoute.swift in Sources */ = {isa = PBXBuildFile; fileRef = A20000000000000000000001 /* AppRoute.swift */; };
		A10000000000000000000002 /* AppViewModel.swift in Sources */ = {isa = PBXBuildFile; fileRef = A20000000000000000000002 /* AppViewModel.swift */; };
		A10000000000000000000003 /* RootView.swift in Sources */ = {isa = PBXBuildFile; fileRef = A20000000000000000000003 /* RootView.swift */; };
		A10000000000000000000004 /* PlaceholderViews.swift in Sources */ = {isa = PBXBuildFile; fileRef = A20000000000000000000004 /* PlaceholderViews.swift */; };
		A10000000000000000000005 /* YoiSceneKirinuKuApp.swift in Sources */ = {isa = PBXBuildFile; fileRef = A20000000000000000000005 /* YoiSceneKirinuKuApp.swift */; };
		A10000000000000000000006 /* AppViewModelTests.swift in Sources */ = {isa = PBXBuildFile; fileRef = A20000000000000000000006 /* AppViewModelTests.swift */; };
		A10000000000000000000007 /* XCTest.framework in Frameworks */ = {isa = PBXBuildFile; fileRef = A20000000000000000000009 /* XCTest.framework */; };
		A10000000000000000000008 /* Preflight.swift in Sources */ = {isa = PBXBuildFile; fileRef = A2000000000000000000000A /* Preflight.swift */; };
		A10000000000000000000009 /* preflight.py in Resources */ = {isa = PBXBuildFile; fileRef = A2000000000000000000000B /* preflight.py */; };
		A1000000000000000000000A /* CharacterRegistration.swift in Sources */ = {isa = PBXBuildFile; fileRef = A2000000000000000000000D /* CharacterRegistration.swift */; };
		A1000000000000000000000B /* character_registration.py in Resources */ = {isa = PBXBuildFile; fileRef = A2000000000000000000000E /* character_registration.py */; };
		A1000000000000000000000C /* JobManagement.swift in Sources */ = {isa = PBXBuildFile; fileRef = A2000000000000000000000F /* JobManagement.swift */; };
		A1000000000000000000000D /* analysis_job_runner.py in Resources */ = {isa = PBXBuildFile; fileRef = A20000000000000000000010 /* analysis_job_runner.py */; };
		A1000000000000000000000E /* JobManagementTests.swift in Sources */ = {isa = PBXBuildFile; fileRef = A20000000000000000000011 /* JobManagementTests.swift */; };
		A1000000000000000000000F /* AnalysisAudio.swift in Sources */ = {isa = PBXBuildFile; fileRef = A20000000000000000000012 /* AnalysisAudio.swift */; };
		A10000000000000000000010 /* analysis_audio.py in Resources */ = {isa = PBXBuildFile; fileRef = A20000000000000000000013 /* analysis_audio.py */; };
		A10000000000000000000011 /* AnalysisAudioTests.swift in Sources */ = {isa = PBXBuildFile; fileRef = A20000000000000000000014 /* AnalysisAudioTests.swift */; };
		A10000000000000000000012 /* VAD.swift in Sources */ = {isa = PBXBuildFile; fileRef = A20000000000000000000015 /* VAD.swift */; };
		A10000000000000000000013 /* vad.py in Resources */ = {isa = PBXBuildFile; fileRef = A20000000000000000000016 /* vad.py */; };
		A10000000000000000000014 /* VADTests.swift in Sources */ = {isa = PBXBuildFile; fileRef = A20000000000000000000017 /* VADTests.swift */; };
		A10000000000000000000015 /* CandidateGeneration.swift in Sources */ = {isa = PBXBuildFile; fileRef = A20000000000000000000018 /* CandidateGeneration.swift */; };
		A10000000000000000000016 /* candidate_generation.py in Resources */ = {isa = PBXBuildFile; fileRef = A20000000000000000000019 /* candidate_generation.py */; };
		A10000000000000000000017 /* CandidateGenerationTests.swift in Sources */ = {isa = PBXBuildFile; fileRef = A2000000000000000000001A /* CandidateGenerationTests.swift */; };
		A10000000000000000000018 /* SpeakerMatching.swift in Sources */ = {isa = PBXBuildFile; fileRef = A2000000000000000000001B /* SpeakerMatching.swift */; };
		A10000000000000000000019 /* speaker_matching.py in Resources */ = {isa = PBXBuildFile; fileRef = A2000000000000000000001C /* speaker_matching.py */; };
		A1000000000000000000001A /* SpeakerMatchingTests.swift in Sources */ = {isa = PBXBuildFile; fileRef = A2000000000000000000001D /* SpeakerMatchingTests.swift */; };
		A1000000000000000000001B /* AnalysisStopping.swift in Sources */ = {isa = PBXBuildFile; fileRef = A2000000000000000000001E /* AnalysisStopping.swift */; };
		A1000000000000000000001C /* analysis_stopping.py in Resources */ = {isa = PBXBuildFile; fileRef = A2000000000000000000001F /* analysis_stopping.py */; };
		A1000000000000000000001D /* AnalysisStoppingTests.swift in Sources */ = {isa = PBXBuildFile; fileRef = A20000000000000000000020 /* AnalysisStoppingTests.swift */; };
		A1000000000000000000001E /* ExternalSelectionBookmarks.swift in Sources */ = {isa = PBXBuildFile; fileRef = A20000000000000000000021 /* ExternalSelectionBookmarks.swift */; };
		A1000000000000000000001F /* ExternalSelectionBookmarksTests.swift in Sources */ = {isa = PBXBuildFile; fileRef = A20000000000000000000022 /* ExternalSelectionBookmarksTests.swift */; };
		A10000000000000000000020 /* PythonIPC.swift in Sources */ = {isa = PBXBuildFile; fileRef = A20000000000000000000023 /* PythonIPC.swift */; };
		A10000000000000000000021 /* PythonIPCTests.swift in Sources */ = {isa = PBXBuildFile; fileRef = A20000000000000000000024 /* PythonIPCTests.swift */; };
		A10000000000000000000022 /* PythonProcessService.swift in Sources */ = {isa = PBXBuildFile; fileRef = A20000000000000000000025 /* PythonProcessService.swift */; };
		A10000000000000000000023 /* PythonProcessServiceTests.swift in Sources */ = {isa = PBXBuildFile; fileRef = A20000000000000000000026 /* PythonProcessServiceTests.swift */; };
		A10000000000000000000024 /* stage6_process_fixture.py in Resources */ = {isa = PBXBuildFile; fileRef = A20000000000000000000027 /* stage6_process_fixture.py */; };
		A10000000000000000000025 /* stage6_runtime_probe.py in Copy Stage6 Resources */ = {isa = PBXBuildFile; fileRef = A20000000000000000000028 /* stage6_runtime_probe.py */; };
		A10000000000000000000026 /* QualityFeatures.swift in Sources */ = {isa = PBXBuildFile; fileRef = A2000000000000000000002A /* QualityFeatures.swift */; };
		A10000000000000000000027 /* quality_features.py in Resources */ = {isa = PBXBuildFile; fileRef = A2000000000000000000002B /* quality_features.py */; };
		A10000000000000000000028 /* QualityFeaturesTests.swift in Sources */ = {isa = PBXBuildFile; fileRef = A2000000000000000000002C /* QualityFeaturesTests.swift */; };
		A10000000000000000000029 /* QualityDecisions.swift in Sources */ = {isa = PBXBuildFile; fileRef = A2000000000000000000002D /* QualityDecisions.swift */; };
		A1000000000000000000002A /* quality_decisions.py in Resources */ = {isa = PBXBuildFile; fileRef = A2000000000000000000002E /* quality_decisions.py */; };
		A1000000000000000000002B /* QualityDecisionsTests.swift in Sources */ = {isa = PBXBuildFile; fileRef = A2000000000000000000002F /* QualityDecisionsTests.swift */; };
		A1000000000000000000002C /* speaker_decisions.py in Resources */ = {isa = PBXBuildFile; fileRef = A20000000000000000000030 /* speaker_decisions.py */; };
		A1000000000000000000002D /* SpeakerDecisions.swift in Sources */ = {isa = PBXBuildFile; fileRef = A20000000000000000000031 /* SpeakerDecisions.swift */; };
		A1000000000000000000002E /* SpeakerDecisionsTests.swift in Sources */ = {isa = PBXBuildFile; fileRef = A20000000000000000000032 /* SpeakerDecisionsTests.swift */; };

		A30000000000000000000001 /* Products */ = {isa = PBXGroup; children = (A20000000000000000000007 /* YoiSceneKirinuKu.app */, A20000000000000000000008 /* YoiSceneKirinuKuTests.xctest */); name = Products; sourceTree = "<group>"; };
		A30000000000000000000002 /* YoiSceneKirinuKu */ = {isa = PBXGroup; children = (A20000000000000000000005, A2000000000000000000000C, A20000000000000000000001, A20000000000000000000002, A20000000000000000000021, A20000000000000000000023, A20000000000000000000025, A20000000000000000000028, A2000000000000000000000F, A20000000000000000000012, A20000000000000000000015, A20000000000000000000018, A2000000000000000000001B, A2000000000000000000001E, A2000000000000000000002A, A2000000000000000000002D, A2000000000000000000000A, A2000000000000000000000B, A2000000000000000000000D, A2000000000000000000000E, A20000000000000000000010, A20000000000000000000013, A20000000000000000000016, A20000000000000000000019, A2000000000000000000001C, A20000000000000000000030, A20000000000000000000031, A2000000000000000000001F, A2000000000000000000002B, A2000000000000000000002E, A20000000000000000000003, A20000000000000000000004); path = YoiSceneKirinuKu; sourceTree = "<group>"; };
		A30000000000000000000003 /* YoiSceneKirinuKuTests */ = {isa = PBXGroup; children = (A20000000000000000000006, A20000000000000000000022, A20000000000000000000024, A20000000000000000000026, A20000000000000000000027, A20000000000000000000029, A20000000000000000000011, A20000000000000000000014, A20000000000000000000017, A2000000000000000000001A, A2000000000000000000001D, A20000000000000000000020, A2000000000000000000002C, A2000000000000000000002F, A20000000000000000000032); path = YoiSceneKirinuKuTests; sourceTree = "<group>"; };
		A30000000000000000000004 = {isa = PBXGroup; children = (A30000000000000000000002, A30000000000000000000003, A30000000000000000000001); sourceTree = "<group>"; };

		A20000000000000000000001 = {isa = PBXFileReference; lastKnownFileType = sourcecode.swift; path = AppRoute.swift; sourceTree = "<group>"; };
		A20000000000000000000002 = {isa = PBXFileReference; lastKnownFileType = sourcecode.swift; path = AppViewModel.swift; sourceTree = "<group>"; };
		A20000000000000000000003 = {isa = PBXFileReference; lastKnownFileType = sourcecode.swift; path = RootView.swift; sourceTree = "<group>"; };
		A20000000000000000000004 = {isa = PBXFileReference; lastKnownFileType = sourcecode.swift; path = PlaceholderViews.swift; sourceTree = "<group>"; };
		A20000000000000000000005 = {isa = PBXFileReference; lastKnownFileType = sourcecode.swift; path = YoiSceneKirinuKuApp.swift; sourceTree = "<group>"; };
		A20000000000000000000006 = {isa = PBXFileReference; lastKnownFileType = sourcecode.swift; path = AppViewModelTests.swift; sourceTree = "<group>"; };
		A20000000000000000000007 = {isa = PBXFileReference; explicitFileType = wrapper.application; includeInIndex = 0; path = YoiSceneKirinuKu.app; sourceTree = BUILT_PRODUCTS_DIR; };
		A20000000000000000000008 = {isa = PBXFileReference; explicitFileType = wrapper.cfbundle; includeInIndex = 0; path = YoiSceneKirinuKuTests.xctest; sourceTree = BUILT_PRODUCTS_DIR; };
		A20000000000000000000009 = {isa = PBXFileReference; lastKnownFileType = wrapper.framework; name = XCTest.framework; path = System/Library/Frameworks/XCTest.framework; sourceTree = SDKROOT; };
		A2000000000000000000000A = {isa = PBXFileReference; lastKnownFileType = sourcecode.swift; path = Preflight.swift; sourceTree = "<group>"; };
		A2000000000000000000000B = {isa = PBXFileReference; lastKnownFileType = text.script.python; path = preflight.py; sourceTree = "<group>"; };
		A2000000000000000000000C = {isa = PBXFileReference; lastKnownFileType = text.plist.xml; path = Info.plist; sourceTree = "<group>"; };
		A2000000000000000000000D = {isa = PBXFileReference; lastKnownFileType = sourcecode.swift; path = CharacterRegistration.swift; sourceTree = "<group>"; };
		A2000000000000000000000E = {isa = PBXFileReference; lastKnownFileType = text.script.python; path = character_registration.py; sourceTree = "<group>"; };
		A2000000000000000000000F = {isa = PBXFileReference; lastKnownFileType = sourcecode.swift; path = JobManagement.swift; sourceTree = "<group>"; };
		A20000000000000000000010 = {isa = PBXFileReference; lastKnownFileType = text.script.python; path = analysis_job_runner.py; sourceTree = "<group>"; };
		A20000000000000000000011 = {isa = PBXFileReference; lastKnownFileType = sourcecode.swift; path = JobManagementTests.swift; sourceTree = "<group>"; };
		A20000000000000000000012 = {isa = PBXFileReference; lastKnownFileType = sourcecode.swift; path = AnalysisAudio.swift; sourceTree = "<group>"; };
		A20000000000000000000013 = {isa = PBXFileReference; lastKnownFileType = text.script.python; path = analysis_audio.py; sourceTree = "<group>"; };
		A20000000000000000000014 = {isa = PBXFileReference; lastKnownFileType = sourcecode.swift; path = AnalysisAudioTests.swift; sourceTree = "<group>"; };
		A20000000000000000000015 = {isa = PBXFileReference; lastKnownFileType = sourcecode.swift; path = VAD.swift; sourceTree = "<group>"; };
		A20000000000000000000016 = {isa = PBXFileReference; lastKnownFileType = text.script.python; path = vad.py; sourceTree = "<group>"; };
		A20000000000000000000017 = {isa = PBXFileReference; lastKnownFileType = sourcecode.swift; path = VADTests.swift; sourceTree = "<group>"; };
		A20000000000000000000018 = {isa = PBXFileReference; lastKnownFileType = sourcecode.swift; path = CandidateGeneration.swift; sourceTree = "<group>"; };
		A20000000000000000000019 = {isa = PBXFileReference; lastKnownFileType = text.script.python; path = candidate_generation.py; sourceTree = "<group>"; };
		A2000000000000000000001A = {isa = PBXFileReference; lastKnownFileType = sourcecode.swift; path = CandidateGenerationTests.swift; sourceTree = "<group>"; };
		A2000000000000000000001B = {isa = PBXFileReference; lastKnownFileType = sourcecode.swift; path = SpeakerMatching.swift; sourceTree = "<group>"; };
		A2000000000000000000001C = {isa = PBXFileReference; lastKnownFileType = text.script.python; path = speaker_matching.py; sourceTree = "<group>"; };
		A2000000000000000000001D = {isa = PBXFileReference; lastKnownFileType = sourcecode.swift; path = SpeakerMatchingTests.swift; sourceTree = "<group>"; };
		A2000000000000000000001E = {isa = PBXFileReference; lastKnownFileType = sourcecode.swift; path = AnalysisStopping.swift; sourceTree = "<group>"; };
		A2000000000000000000001F = {isa = PBXFileReference; lastKnownFileType = text.script.python; path = analysis_stopping.py; sourceTree = "<group>"; };
		A20000000000000000000020 = {isa = PBXFileReference; lastKnownFileType = sourcecode.swift; path = AnalysisStoppingTests.swift; sourceTree = "<group>"; };
		A20000000000000000000021 = {isa = PBXFileReference; lastKnownFileType = sourcecode.swift; path = ExternalSelectionBookmarks.swift; sourceTree = "<group>"; };
		A20000000000000000000022 = {isa = PBXFileReference; lastKnownFileType = sourcecode.swift; path = ExternalSelectionBookmarksTests.swift; sourceTree = "<group>"; };
		A20000000000000000000023 = {isa = PBXFileReference; lastKnownFileType = sourcecode.swift; path = PythonIPC.swift; sourceTree = "<group>"; };
		A20000000000000000000024 = {isa = PBXFileReference; lastKnownFileType = sourcecode.swift; path = PythonIPCTests.swift; sourceTree = "<group>"; };
		A20000000000000000000025 = {isa = PBXFileReference; lastKnownFileType = sourcecode.swift; path = PythonProcessService.swift; sourceTree = "<group>"; };
		A20000000000000000000026 = {isa = PBXFileReference; lastKnownFileType = sourcecode.swift; path = PythonProcessServiceTests.swift; sourceTree = "<group>"; };
		A20000000000000000000027 = {isa = PBXFileReference; lastKnownFileType = text.script.python; path = stage6_process_fixture.py; sourceTree = "<group>"; };
		A20000000000000000000028 = {isa = PBXFileReference; lastKnownFileType = text.script.python; path = stage6_runtime_probe.py; sourceTree = "<group>"; };
		A20000000000000000000029 = {isa = PBXFileReference; lastKnownFileType = text.script.python; path = test_stage6_runtime_probe.py; sourceTree = "<group>"; };
		A2000000000000000000002A = {isa = PBXFileReference; lastKnownFileType = sourcecode.swift; path = QualityFeatures.swift; sourceTree = "<group>"; };
		A2000000000000000000002B = {isa = PBXFileReference; lastKnownFileType = text.script.python; path = quality_features.py; sourceTree = "<group>"; };
		A2000000000000000000002C = {isa = PBXFileReference; lastKnownFileType = sourcecode.swift; path = QualityFeaturesTests.swift; sourceTree = "<group>"; };
		A2000000000000000000002D = {isa = PBXFileReference; lastKnownFileType = sourcecode.swift; path = QualityDecisions.swift; sourceTree = "<group>"; };
		A2000000000000000000002E = {isa = PBXFileReference; lastKnownFileType = text.script.python; path = quality_decisions.py; sourceTree = "<group>"; };
		A2000000000000000000002F = {isa = PBXFileReference; lastKnownFileType = sourcecode.swift; path = QualityDecisionsTests.swift; sourceTree = "<group>"; };
		A20000000000000000000030 = {isa = PBXFileReference; lastKnownFileType = text.script.python; path = speaker_decisions.py; sourceTree = "<group>"; };
		A20000000000000000000031 = {isa = PBXFileReference; lastKnownFileType = sourcecode.swift; path = SpeakerDecisions.swift; sourceTree = "<group>"; };
		A20000000000000000000032 = {isa = PBXFileReference; lastKnownFileType = sourcecode.swift; path = SpeakerDecisionsTests.swift; sourceTree = "<group>"; };

		A40000000000000000000007 /* Copy Stage6 Resources */ = {isa = PBXCopyFilesBuildPhase; buildActionMask = 2147483647; dstPath = Stage6; dstSubfolderSpec = 7; files = (A10000000000000000000025); name = "Copy Stage6 Resources"; runOnlyForDeploymentPostprocessing = 0; };
		A40000000000000000000008 /* Build Stage6 Python Runtime */ = {isa = PBXShellScriptBuildPhase; alwaysOutOfDate = 1; buildActionMask = 2147483647; files = (); inputPaths = ("$(SRCROOT)/scripts/build_stage6_python_runtime.sh", "$(SRCROOT)/vendor/python/3.13.14/python-3.13.14-macos11.pkg", "$(SRCROOT)/vendor/python/3.13.14/SHA256SUMS"); name = "Build Stage6 Python Runtime"; outputPaths = ("$(TARGET_BUILD_DIR)/$(FRAMEWORKS_FOLDER_PATH)/Python.framework/Versions/3.13/bin/python3.13"); runOnlyForDeploymentPostprocessing = 0; shellPath = /bin/zsh; shellScript = "\"${SRCROOT}/scripts/build_stage6_python_runtime.sh\"\n"; };
		A40000000000000000000009 /* Install Stage7 FFmpeg */ = {isa = PBXShellScriptBuildPhase; alwaysOutOfDate = 1; buildActionMask = 2147483647; files = (); inputPaths = ("$(SRCROOT)/scripts/install_stage7_ffmpeg.sh", "$(SRCROOT)/vendor/ffmpeg/8.1.2/SHA256SUMS", "$(SRCROOT)/vendor/ffmpeg/8.1.2/universal2/bin/ffmpeg", "$(SRCROOT)/vendor/ffmpeg/8.1.2/universal2/bin/ffprobe"); name = "Install Stage7 FFmpeg"; outputPaths = ("$(TARGET_BUILD_DIR)/$(EXECUTABLE_FOLDER_PATH)/ffmpeg", "$(TARGET_BUILD_DIR)/$(EXECUTABLE_FOLDER_PATH)/ffprobe"); runOnlyForDeploymentPostprocessing = 0; shellPath = /bin/zsh; shellScript = "\"${SRCROOT}/scripts/install_stage7_ffmpeg.sh\"\n"; };

		A40000000000000000000001 = {isa = PBXSourcesBuildPhase; buildActionMask = 2147483647; files = (A10000000000000000000001, A10000000000000000000002, A1000000000000000000001E, A10000000000000000000020, A10000000000000000000022, A10000000000000000000008, A1000000000000000000000A, A1000000000000000000000C, A1000000000000000000000F, A10000000000000000000012, A10000000000000000000015, A10000000000000000000018, A1000000000000000000001B, A10000000000000000000026, A10000000000000000000029, A1000000000000000000002D, A10000000000000000000003, A10000000000000000000004, A10000000000000000000005); runOnlyForDeploymentPostprocessing = 0; };
		A40000000000000000000002 = {isa = PBXFrameworksBuildPhase; buildActionMask = 2147483647; files = (); runOnlyForDeploymentPostprocessing = 0; };
		A40000000000000000000003 = {isa = PBXResourcesBuildPhase; buildActionMask = 2147483647; files = (A10000000000000000000009, A1000000000000000000000B, A1000000000000000000000D, A10000000000000000000010, A10000000000000000000013, A10000000000000000000016, A10000000000000000000019, A1000000000000000000001C, A10000000000000000000027, A1000000000000000000002A, A1000000000000000000002C); runOnlyForDeploymentPostprocessing = 0; };
		A40000000000000000000004 = {isa = PBXSourcesBuildPhase; buildActionMask = 2147483647; files = (A10000000000000000000006, A1000000000000000000001F, A10000000000000000000021, A10000000000000000000023, A1000000000000000000000E, A10000000000000000000011, A10000000000000000000014, A10000000000000000000017, A1000000000000000000001A, A1000000000000000000001D, A10000000000000000000028, A1000000000000000000002B, A1000000000000000000002E); runOnlyForDeploymentPostprocessing = 0; };
		A40000000000000000000005 = {isa = PBXFrameworksBuildPhase; buildActionMask = 2147483647; files = (A10000000000000000000007); runOnlyForDeploymentPostprocessing = 0; };
		A40000000000000000000006 = {isa = PBXResourcesBuildPhase; buildActionMask = 2147483647; files = (A10000000000000000000024); runOnlyForDeploymentPostprocessing = 0; };

		A50000000000000000000001 /* YoiSceneKirinuKu */ = {isa = PBXNativeTarget; buildConfigurationList = A70000000000000000000002; buildPhases = (A40000000000000000000001, A40000000000000000000002, A40000000000000000000003, A40000000000000000000007, A40000000000000000000008, A40000000000000000000009); buildRules = (); dependencies = (); name = YoiSceneKirinuKu; productName = YoiSceneKirinuKu; productReference = A20000000000000000000007; productType = "com.apple.product-type.application"; };
		A50000000000000000000002 /* YoiSceneKirinuKuTests */ = {isa = PBXNativeTarget; buildConfigurationList = A70000000000000000000003; buildPhases = (A40000000000000000000004, A40000000000000000000005, A40000000000000000000006); buildRules = (); dependencies = (A80000000000000000000001); name = YoiSceneKirinuKuTests; productName = YoiSceneKirinuKuTests; productReference = A20000000000000000000008; productType = "com.apple.product-type.bundle.unit-test"; };

		A80000000000000000000001 = {isa = PBXTargetDependency; target = A50000000000000000000001; targetProxy = A90000000000000000000001; };
		A90000000000000000000001 = {isa = PBXContainerItemProxy; containerPortal = A60000000000000000000001; proxyType = 1; remoteGlobalIDString = A50000000000000000000001; remoteInfo = YoiSceneKirinuKu; };

		A60000000000000000000001 /* Project object */ = {isa = PBXProject; attributes = {BuildIndependentTargetsInParallel = 1; LastSwiftUpdateCheck = 2660; LastUpgradeCheck = 2660; TargetAttributes = {A50000000000000000000001 = {CreatedOnToolsVersion = 26.6; }; A50000000000000000000002 = {CreatedOnToolsVersion = 26.6; TestTargetID = A50000000000000000000001; }; }; }; buildConfigurationList = A70000000000000000000001; compatibilityVersion = "Xcode 16.0"; developmentRegion = en; hasScannedForEncodings = 0; knownRegions = (en, Base); mainGroup = A30000000000000000000004; productRefGroup = A30000000000000000000001; projectDirPath = ""; projectRoot = ""; targets = (A50000000000000000000001, A50000000000000000000002); };

		AA0000000000000000000001 = {isa = XCBuildConfiguration; buildSettings = {CLANG_ENABLE_MODULES = YES; SDKROOT = macosx; SWIFT_VERSION = 6.0; }; name = Debug; };
		AA0000000000000000000002 = {isa = XCBuildConfiguration; buildSettings = {CLANG_ENABLE_MODULES = YES; SDKROOT = macosx; SWIFT_VERSION = 6.0; }; name = Release; };
		AA0000000000000000000003 = {isa = XCBuildConfiguration; buildSettings = {ANALYSIS_JOB_PYTHON_EXECUTABLE = /Library/Frameworks/Python.framework/Versions/3.13/bin/python3; CANDIDATE_GENERATION_PYTHON_EXECUTABLE = /Library/Frameworks/Python.framework/Versions/3.13/bin/python3; CHARACTER_REGISTRATION_FFMPEG_EXECUTABLE = /opt/homebrew/bin/ffmpeg; CHARACTER_REGISTRATION_MODEL_DIRECTORY = "$(SRCROOT)/experiments/speaker-embedding/artifacts/model-local"; CHARACTER_REGISTRATION_PYTHON_EXECUTABLE = "$(SRCROOT)/experiments/speaker-embedding/.venv/bin/python"; CODE_SIGN_STYLE = Automatic; COMBINE_HIDPI_IMAGES = YES; CURRENT_PROJECT_VERSION = 1; ENABLE_TESTABILITY = YES; GENERATE_INFOPLIST_FILE = NO; INFOPLIST_FILE = YoiSceneKirinuKu/Info.plist; MARKETING_VERSION = 1.0; PREFLIGHT_FFPROBE_EXECUTABLE = /opt/homebrew/bin/ffprobe; PREFLIGHT_PYTHON_EXECUTABLE = /Library/Frameworks/Python.framework/Versions/3.13/bin/python3; PRODUCT_BUNDLE_IDENTIFIER = local.YoiSceneKirinuKu; PRODUCT_NAME = "$(TARGET_NAME)"; SPEAKER_MATCHING_MODEL_DIRECTORY = "$(SRCROOT)/experiments/speaker-embedding/artifacts/model-local"; SPEAKER_MATCHING_PYTHON_EXECUTABLE = "$(SRCROOT)/experiments/speaker-embedding/.venv/bin/python"; SWIFT_EMIT_LOC_STRINGS = YES; SWIFT_OPTIMIZATION_LEVEL = "-Onone"; VAD_PYTHON_EXECUTABLE = /Library/Frameworks/Python.framework/Versions/3.13/bin/python3; }; name = Debug; };
		AA0000000000000000000004 = {isa = XCBuildConfiguration; buildSettings = {ANALYSIS_JOB_PYTHON_EXECUTABLE = ""; CANDIDATE_GENERATION_PYTHON_EXECUTABLE = ""; CHARACTER_REGISTRATION_FFMPEG_EXECUTABLE = ""; CHARACTER_REGISTRATION_MODEL_DIRECTORY = ""; CHARACTER_REGISTRATION_PYTHON_EXECUTABLE = ""; CODE_SIGN_STYLE = Automatic; COMBINE_HIDPI_IMAGES = YES; CURRENT_PROJECT_VERSION = 1; GENERATE_INFOPLIST_FILE = NO; INFOPLIST_FILE = YoiSceneKirinuKu/Info.plist; MARKETING_VERSION = 1.0; PREFLIGHT_FFPROBE_EXECUTABLE = ""; PREFLIGHT_PYTHON_EXECUTABLE = ""; PRODUCT_BUNDLE_IDENTIFIER = local.YoiSceneKirinuKu; PRODUCT_NAME = "$(TARGET_NAME)"; SPEAKER_MATCHING_MODEL_DIRECTORY = ""; SPEAKER_MATCHING_PYTHON_EXECUTABLE = ""; SWIFT_EMIT_LOC_STRINGS = YES; VAD_PYTHON_EXECUTABLE = ""; }; name = Release; };
		AA0000000000000000000005 = {isa = XCBuildConfiguration; buildSettings = {BUNDLE_LOADER = "$(TEST_HOST)"; CODE_SIGN_STYLE = Automatic; GENERATE_INFOPLIST_FILE = YES; PRODUCT_BUNDLE_IDENTIFIER = local.YoiSceneKirinuKuTests; PRODUCT_NAME = "$(TARGET_NAME)"; SWIFT_VERSION = 6.0; TEST_HOST = "$(BUILT_PRODUCTS_DIR)/YoiSceneKirinuKu.app/Contents/MacOS/YoiSceneKirinuKu"; }; name = Debug; };
		AA0000000000000000000006 = {isa = XCBuildConfiguration; buildSettings = {BUNDLE_LOADER = "$(TEST_HOST)"; CODE_SIGN_STYLE = Automatic; GENERATE_INFOPLIST_FILE = YES; PRODUCT_BUNDLE_IDENTIFIER = local.YoiSceneKirinuKuTests; PRODUCT_NAME = "$(TARGET_NAME)"; SWIFT_VERSION = 6.0; TEST_HOST = "$(BUILT_PRODUCTS_DIR)/YoiSceneKirinuKu.app/Contents/MacOS/YoiSceneKirinuKu"; }; name = Release; };

		A70000000000000000000001 = {isa = XCConfigurationList; buildConfigurations = (AA0000000000000000000001, AA0000000000000000000002); defaultConfigurationIsVisible = 0; defaultConfigurationName = Release; };
		A70000000000000000000002 = {isa = XCConfigurationList; buildConfigurations = (AA0000000000000000000003, AA0000000000000000000004); defaultConfigurationIsVisible = 0; defaultConfigurationName = Release; };
		A70000000000000000000003 = {isa = XCConfigurationList; buildConfigurations = (AA0000000000000000000005, AA0000000000000000000006); defaultConfigurationIsVisible = 0; defaultConfigurationName = Release; };
	};
	rootObject = A60000000000000000000001;
}
